
Microsoft Visual Studio Solution File, Format Version 12.00
# Visual Studio 2013
VisualStudioVersion = 12.0.40629.0
MinimumVisualStudioVersion = 10.0.40219.1
Project("{FAE04EC0-301F-11D3-BF4B-00C04F79EFBC}") = "RestApi", "RestApi\RestApi.csproj", "{07E7C0B9-D40A-4F2F-A09A-9FE08387F9EC}"
EndProject
Project("{2150E333-8FDC-42A3-9474-1A3956D46DE8}") = "PublishScripts", "PublishScripts", "{E68A75AC-3569-400F-9A19-F4320BF2F1D0}"
	ProjectSection(SolutionItems) = preProject
		PublishScripts\AzureWebsitePublishModule.psm1 = PublishScripts\AzureWebsitePublishModule.psm1
		PublishScripts\Publish-WebApplicationWebsite.ps1 = PublishScripts\Publish-WebApplicationWebsite.ps1
	EndProjectSection
EndProject
Project("{2150E333-8FDC-42A3-9474-1A3956D46DE8}") = "Configurations", "Configurations", "{CB7C51D7-6A2A-4BB5-B8C8-A1A432D9C912}"
	ProjectSection(SolutionItems) = preProject
		PublishScripts\Configurations\RestApi-WAWS-dev.json = PublishScripts\Configurations\RestApi-WAWS-dev.json
	EndProjectSection
EndProject
Project("{FAE04EC0-301F-11D3-BF4B-00C04F79EFBC}") = "Modell", "Modell\Modell.csproj", "{5FDE27C1-12E6-48F1-9C76-A77FC9F857F8}"
EndProject
Project("{FAE04EC0-301F-11D3-BF4B-00C04F79EFBC}") = "Repository", "Repository\Repository.csproj", "{5E451FAB-9360-4AA2-B1E2-35952A27E6CE}"
EndProject
Project("{FAE04EC0-301F-11D3-BF4B-00C04F79EFBC}") = "Tests", "Tests\Tests.csproj", "{4A560337-2827-4CBC-A3B6-5FE483A79892}"
EndProject
Global
	GlobalSection(SolutionConfigurationPlatforms) = preSolution
		Debug|Any CPU = Debug|Any CPU
		Release|Any CPU = Release|Any CPU
	EndGlobalSection
	GlobalSection(ProjectConfigurationPlatforms) = postSolution
		{07E7C0B9-D40A-4F2F-A09A-9FE08387F9EC}.Debug|Any CPU.ActiveCfg = Debug|Any CPU
		{07E7C0B9-D40A-4F2F-A09A-9FE08387F9EC}.Debug|Any CPU.Build.0 = Debug|Any CPU
		{07E7C0B9-D40A-4F2F-A09A-9FE08387F9EC}.Release|Any CPU.ActiveCfg = Release|Any CPU
		{07E7C0B9-D40A-4F2F-A09A-9FE08387F9EC}.Release|Any CPU.Build.0 = Release|Any CPU
		{5FDE27C1-12E6-48F1-9C76-A77FC9F857F8}.Debug|Any CPU.ActiveCfg = Debug|Any CPU
		{5FDE27C1-12E6-48F1-9C76-A77FC9F857F8}.Debug|Any CPU.Build.0 = Debug|Any CPU
		{5FDE27C1-12E6-48F1-9C76-A77FC9F857F8}.Release|Any CPU.ActiveCfg = Release|Any CPU
		{5FDE27C1-12E6-48F1-9C76-A77FC9F857F8}.Release|Any CPU.Build.0 = Release|Any CPU
		{5E451FAB-9360-4AA2-B1E2-35952A27E6CE}.Debug|Any CPU.ActiveCfg = Debug|Any CPU
		{5E451FAB-9360-4AA2-B1E2-35952A27E6CE}.Debug|Any CPU.Build.0 = Debug|Any CPU
		{5E451FAB-9360-4AA2-B1E2-35952A27E6CE}.Release|Any CPU.ActiveCfg = Release|Any CPU
		{5E451FAB-9360-4AA2-B1E2-35952A27E6CE}.Release|Any CPU.Build.0 = Release|Any CPU
		{4A560337-2827-4CBC-A3B6-5FE483A79892}.Debug|Any CPU.ActiveCfg = Debug|Any CPU
		{4A560337-2827-4CBC-A3B6-5FE483A79892}.Debug|Any CPU.Build.0 = Debug|Any CPU
		{4A560337-2827-4CBC-A3B6-5FE483A79892}.Release|Any CPU.ActiveCfg = Release|Any CPU
		{4A560337-2827-4CBC-A3B6-5FE483A79892}.Release|Any CPU.Build.0 = Release|Any CPU
	EndGlobalSection
	GlobalSection(SolutionProperties) = preSolution
		HideSolutionNode = FALSE
	EndGlobalSection
	GlobalSection(NestedProjects) = preSolution
		{CB7C51D7-6A2A-4BB5-B8C8-A1A432D9C912} = {E68A75AC-3569-400F-9A19-F4320BF2F1D0}
	EndGlobalSection
EndGlobal
